{
  "name": "CB-Academy",
  "lockfileVersion": 2,
  "requires": true,
  "packages": {
    "": {
      "dependencies": {
        "@sqlite.org/sqlite-wasm": "^3.46.1-build2"
      }
    },
    "node_modules/@sqlite.org/sqlite-wasm": {
      "version": "3.46.1-build5",
      "resolved": "https://registry.npmjs.org/@sqlite.org/sqlite-wasm/-/sqlite-wasm-3.46.1-build5.tgz",
      "integrity": "sha512-zs1wSjcUSILA55xJjEP+IxOU8GDuTnrxNFNIqz/aDo/mWm8pYijueuO3WW8olWNKFWOOUzq9BVu+zkG46EYcyw==",
      "bin": {
        "sqlite-wasm": "bin/index.js"
      }
    }
  },
  "dependencies": {
    "@sqlite.org/sqlite-wasm": {
      "version": "3.46.1-build5",
      "resolved": "https://registry.npmjs.org/@sqlite.org/sqlite-wasm/-/sqlite-wasm-3.46.1-build5.tgz",
      "integrity": "sha512-zs1wSjcUSILA55xJjEP+IxOU8GDuTnrxNFNIqz/aDo/mWm8pYijueuO3WW8olWNKFWOOUzq9BVu+zkG46EYcyw=="
    }
  }
}
